<?xml version="1.0" encoding="utf-8"?>
<Project ToolsVersion="4.0" xmlns="http://schemas.microsoft.com/developer/msbuild/2003">
  <ItemGroup>
    <Filter Include="header">
      <UniqueIdentifier>{f459fe33-0848-49ba-8dfd-3cf3bf5a4d9d}</UniqueIdentifier>
    </Filter>
    <Filter Include="src">
      <UniqueIdentifier>{858eda8b-34f1-4897-b84b-ffa75596fab5}</UniqueIdentifier>
    </Filter>
  </ItemGroup>
  <ItemGroup>
    <ClCompile Include="src\main.cpp">
      <Filter>src</Filter>
    </ClCompile>
    <ClCompile Include="src\classes\Tile.cpp">
      <Filter>src</Filter>
    </ClCompile>
    <ClCompile Include="src\classes\World.cpp">
      <Filter>src</Filter>
    </ClCompile>
    <ClCompile Include="src\classes\Character.cpp">
      <Filter>src</Filter>
    </ClCompile>
    <ClCompile Include="src\classes\CharacterFactory.cpp">
      <Filter>src</Filter>
    </ClCompile>
    <ClCompile Include="src\classes\Menu.cpp">
      <Filter>src</Filter>
    </ClCompile>
    <ClCompile Include="src\classes\Mine.cpp">
      <Filter>src</Filter>
    </ClCompile>
    <ClCompile Include="src\classes\MineFactory.cpp">
      <Filter>src</Filter>
    </ClCompile>
    <ClCompile Include="src\classes\Node.cpp">
      <Filter>src</Filter>
    </ClCompile>
    <ClCompile Include="src\classes\NonPlayerCharacter.cpp">
      <Filter>src</Filter>
    </ClCompile>
    <ClCompile Include="src\classes\Player.cpp">
      <Filter>src</Filter>
    </ClCompile>
    <ClCompile Include="src\classes\StackNode.cpp">
      <Filter>src</Filter>
    </ClCompile>
  </ItemGroup>
  <ItemGroup>
    <ClInclude Include="src\Includes.hpp">
      <Filter>header</Filter>
    </ClInclude>
    <ClInclude Include="src\classes\Character.hpp">
      <Filter>header</Filter>
    </ClInclude>
    <ClInclude Include="src\classes\CharacterFactory.hpp">
      <Filter>header</Filter>
    </ClInclude>
    <ClInclude Include="src\classes\Menu.hpp">
      <Filter>header</Filter>
    </ClInclude>
    <ClInclude Include="src\classes\Mine.hpp">
      <Filter>header</Filter>
    </ClInclude>
    <ClInclude Include="src\classes\MineFactory.hpp">
      <Filter>header</Filter>
    </ClInclude>
    <ClInclude Include="src\classes\Node.hpp">
      <Filter>header</Filter>
    </ClInclude>
    <ClInclude Include="src\classes\NonPlayerCharacter.hpp">
      <Filter>header</Filter>
    </ClInclude>
    <ClInclude Include="src\classes\Player.hpp">
      <Filter>header</Filter>
    </ClInclude>
    <ClInclude Include="src\classes\StackNode.hpp">
      <Filter>header</Filter>
    </ClInclude>
    <ClInclude Include="src\classes\Tile.hpp">
      <Filter>header</Filter>
    </ClInclude>
    <ClInclude Include="src\classes\World.hpp">
      <Filter>header</Filter>
    </ClInclude>
  </ItemGroup>
</Project>