<?xml version="1.0" encoding="utf-8"?>
<Project ToolsVersion="4.0" xmlns="http://schemas.microsoft.com/developer/msbuild/2003">
  <ItemGroup>
    <ClCompile Include="source\classes\AI.cpp">
      <Filter>Source</Filter>
    </ClCompile>
    <ClCompile Include="source\classes\World.cpp">
      <Filter>Source</Filter>
    </ClCompile>
    <ClCompile Include="source\classes\Character.cpp">
      <Filter>Source</Filter>
    </ClCompile>
    <ClCompile Include="source\classes\CharacterFactory.cpp">
      <Filter>Source</Filter>
    </ClCompile>
    <ClCompile Include="source\main.cpp">
      <Filter>Source</Filter>
    </ClCompile>
    <ClCompile Include="source\classes\Mine.cpp">
      <Filter>Source</Filter>
    </ClCompile>
    <ClCompile Include="source\classes\MineFactory.cpp">
      <Filter>Source</Filter>
    </ClCompile>
    <ClCompile Include="source\classes\Node.cpp">
      <Filter>Source</Filter>
    </ClCompile>
    <ClCompile Include="source\classes\Player.cpp">
      <Filter>Source</Filter>
    </ClCompile>
    <ClCompile Include="source\classes\Tile.cpp">
      <Filter>Source</Filter>
    </ClCompile>
  </ItemGroup>
  <ItemGroup>
    <ClInclude Include="source\classes\AI.hpp">
      <Filter>Header</Filter>
    </ClInclude>
    <ClInclude Include="source\classes\Character.hpp">
      <Filter>Header</Filter>
    </ClInclude>
    <ClInclude Include="source\classes\CharacterFactory.hpp">
      <Filter>Header</Filter>
    </ClInclude>
    <ClInclude Include="source\Includes.hpp">
      <Filter>Header</Filter>
    </ClInclude>
    <ClInclude Include="source\classes\Mine.hpp">
      <Filter>Header</Filter>
    </ClInclude>
    <ClInclude Include="source\classes\MineFactory.hpp">
      <Filter>Header</Filter>
    </ClInclude>
    <ClInclude Include="source\classes\Node.hpp">
      <Filter>Header</Filter>
    </ClInclude>
    <ClInclude Include="source\classes\Player.hpp">
      <Filter>Header</Filter>
    </ClInclude>
    <ClInclude Include="source\classes\Tile.hpp">
      <Filter>Header</Filter>
    </ClInclude>
    <ClInclude Include="source\classes\World.hpp">
      <Filter>Header</Filter>
    </ClInclude>
  </ItemGroup>
  <ItemGroup>
    <Filter Include="Source">
      <UniqueIdentifier>{604bf352-ace2-4cea-8db0-334d4cd34e1b}</UniqueIdentifier>
    </Filter>
    <Filter Include="Header">
      <UniqueIdentifier>{1cbbf255-ce51-4bfc-aee2-8b0a6077f5d1}</UniqueIdentifier>
    </Filter>
  </ItemGroup>
</Project>